
Microsoft Visual Studio Solution File, Format Version 12.00
# Visual Studio 15
VisualStudioVersion = 15.0.28307.1622
MinimumVisualStudioVersion = 10.0.40219.1
Project("{FAE04EC0-301F-11D3-BF4B-00C04F79EFBC}") = "Lab1_var_9", "Lab1_var_9\Lab1_var_9.csproj", "{91DFBE5E-1F09-4386-A39B-3D1CAF401AE8}"
EndProject
Project("{FAE04EC0-301F-11D3-BF4B-00C04F79EFBC}") = "Lab2_var_9", "Lab2_var_9\Lab2_var_9.csproj", "{06D2C507-16FE-4072-98D6-5DF965782896}"
EndProject
Project("{FAE04EC0-301F-11D3-BF4B-00C04F79EFBC}") = "Lab1", "ConsoleApp1\Lab1.csproj", "{36501A91-4D68-4584-8645-78E4AF69FE8A}"
EndProject
Project("{FAE04EC0-301F-11D3-BF4B-00C04F79EFBC}") = "Lab2", "Lab2\Lab2.csproj", "{0254AE1D-4C99-4518-B834-56AAFA54E749}"
EndProject
Project("{FAE04EC0-301F-11D3-BF4B-00C04F79EFBC}") = "Lab3", "Lab3\Lab3.csproj", "{9C026E85-BBE6-4A85-8149-EC229AD4085E}"
EndProject
Project("{FAE04EC0-301F-11D3-BF4B-00C04F79EFBC}") = "Lab4", "Lab4\Lab4.csproj", "{1343B814-92CD-4037-BA23-67B35190C833}"
EndProject
Global
	GlobalSection(SolutionConfigurationPlatforms) = preSolution
		Debug|Any CPU = Debug|Any CPU
		Release|Any CPU = Release|Any CPU
	EndGlobalSection
	GlobalSection(ProjectConfigurationPlatforms) = postSolution
		{91DFBE5E-1F09-4386-A39B-3D1CAF401AE8}.Debug|Any CPU.ActiveCfg = Debug|Any CPU
		{91DFBE5E-1F09-4386-A39B-3D1CAF401AE8}.Debug|Any CPU.Build.0 = Debug|Any CPU
		{91DFBE5E-1F09-4386-A39B-3D1CAF401AE8}.Release|Any CPU.ActiveCfg = Release|Any CPU
		{91DFBE5E-1F09-4386-A39B-3D1CAF401AE8}.Release|Any CPU.Build.0 = Release|Any CPU
		{06D2C507-16FE-4072-98D6-5DF965782896}.Debug|Any CPU.ActiveCfg = Debug|Any CPU
		{06D2C507-16FE-4072-98D6-5DF965782896}.Debug|Any CPU.Build.0 = Debug|Any CPU
		{06D2C507-16FE-4072-98D6-5DF965782896}.Release|Any CPU.ActiveCfg = Release|Any CPU
		{06D2C507-16FE-4072-98D6-5DF965782896}.Release|Any CPU.Build.0 = Release|Any CPU
		{36501A91-4D68-4584-8645-78E4AF69FE8A}.Debug|Any CPU.ActiveCfg = Debug|Any CPU
		{36501A91-4D68-4584-8645-78E4AF69FE8A}.Debug|Any CPU.Build.0 = Debug|Any CPU
		{36501A91-4D68-4584-8645-78E4AF69FE8A}.Release|Any CPU.ActiveCfg = Release|Any CPU
		{36501A91-4D68-4584-8645-78E4AF69FE8A}.Release|Any CPU.Build.0 = Release|Any CPU
		{0254AE1D-4C99-4518-B834-56AAFA54E749}.Debug|Any CPU.ActiveCfg = Debug|Any CPU
		{0254AE1D-4C99-4518-B834-56AAFA54E749}.Debug|Any CPU.Build.0 = Debug|Any CPU
		{0254AE1D-4C99-4518-B834-56AAFA54E749}.Release|Any CPU.ActiveCfg = Release|Any CPU
		{0254AE1D-4C99-4518-B834-56AAFA54E749}.Release|Any CPU.Build.0 = Release|Any CPU
		{9C026E85-BBE6-4A85-8149-EC229AD4085E}.Debug|Any CPU.ActiveCfg = Debug|Any CPU
		{9C026E85-BBE6-4A85-8149-EC229AD4085E}.Debug|Any CPU.Build.0 = Debug|Any CPU
		{9C026E85-BBE6-4A85-8149-EC229AD4085E}.Release|Any CPU.ActiveCfg = Release|Any CPU
		{9C026E85-BBE6-4A85-8149-EC229AD4085E}.Release|Any CPU.Build.0 = Release|Any CPU
		{1343B814-92CD-4037-BA23-67B35190C833}.Debug|Any CPU.ActiveCfg = Debug|Any CPU
		{1343B814-92CD-4037-BA23-67B35190C833}.Debug|Any CPU.Build.0 = Debug|Any CPU
		{1343B814-92CD-4037-BA23-67B35190C833}.Release|Any CPU.ActiveCfg = Release|Any CPU
		{1343B814-92CD-4037-BA23-67B35190C833}.Release|Any CPU.Build.0 = Release|Any CPU
	EndGlobalSection
	GlobalSection(SolutionProperties) = preSolution
		HideSolutionNode = FALSE
	EndGlobalSection
	GlobalSection(ExtensibilityGlobals) = postSolution
		SolutionGuid = {2F3CDA42-75EB-4576-B40F-984A2FEA6CD1}
	EndGlobalSection
EndGlobal
